Microsoft Visual Studio Solution File, Format Version 11.00
# Visual Studio 2010
Project("{8BC9CEB8-8B4A-11D0-8D11-00A0C91BC942}") = "windirstat", "windirstat\windirstat.vcxproj", "{BD11B94C-6594-4477-9FDF-2E24447D1F14}"
EndProject
Project("{8BC9CEB8-8B4A-11D0-8D11-00A0C91BC942}") = "linkcounter", "linkcounter\linkcounter.vcxproj", "{B22C844E-3380-4CCA-916C-ACD354D291C4}"
EndProject
Project("{8BC9CEB8-8B4A-11D0-8D11-00A0C91BC942}") = "setup", "setup\setup.vcxproj", "{C9448E7F-B7CF-4267-81EC-0D9F98589F2C}"
EndProject
Project("{8BC9CEB8-8B4A-11D0-8D11-00A0C91BC942}") = "wdshelp", "wdshelp\wdshelp.vcxproj", "{7EE5206B-1657-482A-B6A1-343DE5D6DE11}"
EndProject
Project("{8BC9CEB8-8B4A-11D0-8D11-00A0C91BC942}") = "wdsh0407", "wdsh0407\wdsh0407.vcxproj", "{76695BEC-D0B6-44BC-8F2D-E9C45D239137}"
EndProject
Project("{8BC9CEB8-8B4A-11D0-8D11-00A0C91BC942}") = "wdsh040e", "wdsh040e\wdsh040e.vcxproj", "{0F62BE24-501D-46D8-AFCD-4472C9019DD1}"
EndProject
Project("{8BC9CEB8-8B4A-11D0-8D11-00A0C91BC942}") = "wdsh0415", "wdsh0415\wdsh0415.vcxproj", "{3222DC0C-0051-43EB-854C-EF59E2B4988D}"
EndProject
Project("{8BC9CEB8-8B4A-11D0-8D11-00A0C91BC942}") = "wdsr0407", "wdsr0407\wdsr0407.vcxproj", "{C7A5D1EC-35D3-4754-A815-2C527CACD584}"
EndProject
Project("{8BC9CEB8-8B4A-11D0-8D11-00A0C91BC942}") = "wdsr040a", "wdsr040a\wdsr040a.vcxproj", "{23B76347-204C-4DE6-A311-F562CEF5D89C}"
EndProject
Project("{8BC9CEB8-8B4A-11D0-8D11-00A0C91BC942}") = "wdsr040c", "wdsr040c\wdsr040c.vcxproj", "{DA4DDD24-67BC-4A9D-87D3-18C73E5CAF31}"
EndProject
Project("{8BC9CEB8-8B4A-11D0-8D11-00A0C91BC942}") = "wdsr040e", "wdsr040e\wdsr040e.vcxproj", "{2A75AA20-BFFE-4D1C-8AEC-274823223919}"
EndProject
Project("{8BC9CEB8-8B4A-11D0-8D11-00A0C91BC942}") = "wdsr0415", "wdsr0415\wdsr0415.vcxproj", "{70C09DAA-6F6D-4AAC-955F-ACD602A667CE}"
EndProject
Project("{8BC9CEB8-8B4A-11D0-8D11-00A0C91BC942}") = "wdsr0419", "wdsr0419\wdsr0419.vcxproj", "{7F06AAC4-9FBE-412F-B1D7-CB37AB8F311D}"
EndProject
Project("{8BC9CEB8-8B4A-11D0-8D11-00A0C91BC942}") = "wdsr0405", "wdsr0405\wdsr0405.vcxproj", "{C3F39C58-7FC4-4243-82B2-A3572235AE02}"
EndProject
Project("{8BC9CEB8-8B4A-11D0-8D11-00A0C91BC942}") = "wdsr0410", "wdsr0410\wdsr0410.vcxproj", "{FD4194A7-EA1E-4466-A80B-AB4D8D17F33C}"
EndProject
Global
	GlobalSection(SolutionConfigurationPlatforms) = preSolution
		Debug|Win32 = Debug|Win32
		Debug|x64 = Debug|x64
		Release|Win32 = Release|Win32
		Release|x64 = Release|x64
		StrongDebug|Win32 = StrongDebug|Win32
		StrongDebug|x64 = StrongDebug|x64
		Template|Win32 = Template|Win32
		Template|x64 = Template|x64
		UnicodeDebug|Win32 = UnicodeDebug|Win32
		UnicodeDebug|x64 = UnicodeDebug|x64
		UnicodeRelease|Win32 = UnicodeRelease|Win32
		UnicodeRelease|x64 = UnicodeRelease|x64
	EndGlobalSection
	GlobalSection(ProjectConfigurationPlatforms) = postSolution
		{BD11B94C-6594-4477-9FDF-2E24447D1F14}.Debug|Win32.ActiveCfg = Debug|Win32
		{BD11B94C-6594-4477-9FDF-2E24447D1F14}.Debug|Win32.Build.0 = Debug|Win32
		{BD11B94C-6594-4477-9FDF-2E24447D1F14}.Debug|x64.ActiveCfg = Debug|x64
		{BD11B94C-6594-4477-9FDF-2E24447D1F14}.Debug|x64.Build.0 = Debug|x64
		{BD11B94C-6594-4477-9FDF-2E24447D1F14}.Release|Win32.ActiveCfg = Release|Win32
		{BD11B94C-6594-4477-9FDF-2E24447D1F14}.Release|Win32.Build.0 = Release|Win32
		{BD11B94C-6594-4477-9FDF-2E24447D1F14}.Release|x64.ActiveCfg = Release|x64
		{BD11B94C-6594-4477-9FDF-2E24447D1F14}.Release|x64.Build.0 = Release|x64
		{BD11B94C-6594-4477-9FDF-2E24447D1F14}.StrongDebug|Win32.ActiveCfg = StrongDebug|Win32
		{BD11B94C-6594-4477-9FDF-2E24447D1F14}.StrongDebug|Win32.Build.0 = StrongDebug|Win32
		{BD11B94C-6594-4477-9FDF-2E24447D1F14}.StrongDebug|x64.ActiveCfg = StrongDebug|x64
		{BD11B94C-6594-4477-9FDF-2E24447D1F14}.StrongDebug|x64.Build.0 = StrongDebug|x64
		{BD11B94C-6594-4477-9FDF-2E24447D1F14}.Template|Win32.ActiveCfg = Template|Win32
		{BD11B94C-6594-4477-9FDF-2E24447D1F14}.Template|Win32.Build.0 = Template|Win32
		{BD11B94C-6594-4477-9FDF-2E24447D1F14}.Template|x64.ActiveCfg = Template|x64
		{BD11B94C-6594-4477-9FDF-2E24447D1F14}.Template|x64.Build.0 = Template|x64
		{BD11B94C-6594-4477-9FDF-2E24447D1F14}.UnicodeDebug|Win32.ActiveCfg = UnicodeDebug|Win32
		{BD11B94C-6594-4477-9FDF-2E24447D1F14}.UnicodeDebug|Win32.Build.0 = UnicodeDebug|Win32
		{BD11B94C-6594-4477-9FDF-2E24447D1F14}.UnicodeDebug|x64.ActiveCfg = UnicodeDebug|x64
		{BD11B94C-6594-4477-9FDF-2E24447D1F14}.UnicodeDebug|x64.Build.0 = UnicodeDebug|x64
		{BD11B94C-6594-4477-9FDF-2E24447D1F14}.UnicodeRelease|Win32.ActiveCfg = UnicodeRelease|Win32
		{BD11B94C-6594-4477-9FDF-2E24447D1F14}.UnicodeRelease|Win32.Build.0 = UnicodeRelease|Win32
		{BD11B94C-6594-4477-9FDF-2E24447D1F14}.UnicodeRelease|x64.ActiveCfg = UnicodeRelease|x64
		{BD11B94C-6594-4477-9FDF-2E24447D1F14}.UnicodeRelease|x64.Build.0 = UnicodeRelease|x64
		{B22C844E-3380-4CCA-916C-ACD354D291C4}.Debug|Win32.ActiveCfg = Release|Win32
		{B22C844E-3380-4CCA-916C-ACD354D291C4}.Debug|Win32.Build.0 = Release|Win32
		{B22C844E-3380-4CCA-916C-ACD354D291C4}.Debug|x64.ActiveCfg = Release|x64
		{B22C844E-3380-4CCA-916C-ACD354D291C4}.Debug|x64.Build.0 = Release|x64
		{B22C844E-3380-4CCA-916C-ACD354D291C4}.Release|Win32.ActiveCfg = Release|Win32
		{B22C844E-3380-4CCA-916C-ACD354D291C4}.Release|Win32.Build.0 = Release|Win32
		{B22C844E-3380-4CCA-916C-ACD354D291C4}.Release|x64.ActiveCfg = Release|x64
		{B22C844E-3380-4CCA-916C-ACD354D291C4}.Release|x64.Build.0 = Release|x64
		{B22C844E-3380-4CCA-916C-ACD354D291C4}.StrongDebug|Win32.ActiveCfg = Release|Win32
		{B22C844E-3380-4CCA-916C-ACD354D291C4}.StrongDebug|Win32.Build.0 = Release|Win32
		{B22C844E-3380-4CCA-916C-ACD354D291C4}.StrongDebug|x64.ActiveCfg = Release|x64
		{B22C844E-3380-4CCA-916C-ACD354D291C4}.StrongDebug|x64.Build.0 = Release|x64
		{B22C844E-3380-4CCA-916C-ACD354D291C4}.Template|Win32.ActiveCfg = Release|Win32
		{B22C844E-3380-4CCA-916C-ACD354D291C4}.Template|Win32.Build.0 = Release|Win32
		{B22C844E-3380-4CCA-916C-ACD354D291C4}.Template|x64.ActiveCfg = Release|x64
		{B22C844E-3380-4CCA-916C-ACD354D291C4}.Template|x64.Build.0 = Release|x64
		{B22C844E-3380-4CCA-916C-ACD354D291C4}.UnicodeDebug|Win32.ActiveCfg = Release|Win32
		{B22C844E-3380-4CCA-916C-ACD354D291C4}.UnicodeDebug|Win32.Build.0 = Release|Win32
		{B22C844E-3380-4CCA-916C-ACD354D291C4}.UnicodeDebug|x64.ActiveCfg = Release|x64
		{B22C844E-3380-4CCA-916C-ACD354D291C4}.UnicodeDebug|x64.Build.0 = Release|x64
		{B22C844E-3380-4CCA-916C-ACD354D291C4}.UnicodeRelease|Win32.ActiveCfg = Release|Win32
		{B22C844E-3380-4CCA-916C-ACD354D291C4}.UnicodeRelease|Win32.Build.0 = Release|Win32
		{B22C844E-3380-4CCA-916C-ACD354D291C4}.UnicodeRelease|x64.ActiveCfg = Release|x64
		{B22C844E-3380-4CCA-916C-ACD354D291C4}.UnicodeRelease|x64.Build.0 = Release|x64
		{C9448E7F-B7CF-4267-81EC-0D9F98589F2C}.Debug|Win32.ActiveCfg = Debug|Win32
		{C9448E7F-B7CF-4267-81EC-0D9F98589F2C}.Debug|Win32.Build.0 = Debug|Win32
		{C9448E7F-B7CF-4267-81EC-0D9F98589F2C}.Debug|x64.ActiveCfg = Debug|x64
		{C9448E7F-B7CF-4267-81EC-0D9F98589F2C}.Debug|x64.Build.0 = Debug|x64
		{C9448E7F-B7CF-4267-81EC-0D9F98589F2C}.Release|Win32.ActiveCfg = Release|Win32
		{C9448E7F-B7CF-4267-81EC-0D9F98589F2C}.Release|Win32.Build.0 = Release|Win32
		{C9448E7F-B7CF-4267-81EC-0D9F98589F2C}.Release|x64.ActiveCfg = Release|x64
		{C9448E7F-B7CF-4267-81EC-0D9F98589F2C}.Release|x64.Build.0 = Release|x64
		{C9448E7F-B7CF-4267-81EC-0D9F98589F2C}.StrongDebug|Win32.ActiveCfg = Debug|Win32
		{C9448E7F-B7CF-4267-81EC-0D9F98589F2C}.StrongDebug|Win32.Build.0 = Debug|Win32
		{C9448E7F-B7CF-4267-81EC-0D9F98589F2C}.StrongDebug|x64.ActiveCfg = Debug|x64
		{C9448E7F-B7CF-4267-81EC-0D9F98589F2C}.StrongDebug|x64.Build.0 = Debug|x64
		{C9448E7F-B7CF-4267-81EC-0D9F98589F2C}.Template|Win32.ActiveCfg = Template|Win32
		{C9448E7F-B7CF-4267-81EC-0D9F98589F2C}.Template|Win32.Build.0 = Template|Win32
		{C9448E7F-B7CF-4267-81EC-0D9F98589F2C}.Template|x64.ActiveCfg = Template|x64
		{C9448E7F-B7CF-4267-81EC-0D9F98589F2C}.Template|x64.Build.0 = Template|x64
		{C9448E7F-B7CF-4267-81EC-0D9F98589F2C}.UnicodeDebug|Win32.ActiveCfg = UnicodeDebug|Win32
		{C9448E7F-B7CF-4267-81EC-0D9F98589F2C}.UnicodeDebug|Win32.Build.0 = UnicodeDebug|Win32
		{C9448E7F-B7CF-4267-81EC-0D9F98589F2C}.UnicodeDebug|x64.ActiveCfg = UnicodeDebug|x64
		{C9448E7F-B7CF-4267-81EC-0D9F98589F2C}.UnicodeDebug|x64.Build.0 = UnicodeDebug|x64
		{C9448E7F-B7CF-4267-81EC-0D9F98589F2C}.UnicodeRelease|Win32.ActiveCfg = UnicodeRelease|Win32
		{C9448E7F-B7CF-4267-81EC-0D9F98589F2C}.UnicodeRelease|Win32.Build.0 = UnicodeRelease|Win32
		{C9448E7F-B7CF-4267-81EC-0D9F98589F2C}.UnicodeRelease|x64.ActiveCfg = UnicodeRelease|x64
		{C9448E7F-B7CF-4267-81EC-0D9F98589F2C}.UnicodeRelease|x64.Build.0 = UnicodeRelease|x64
		{7EE5206B-1657-482A-B6A1-343DE5D6DE11}.Debug|Win32.ActiveCfg = Release|Win32
		{7EE5206B-1657-482A-B6A1-343DE5D6DE11}.Debug|Win32.Build.0 = Release|Win32
		{7EE5206B-1657-482A-B6A1-343DE5D6DE11}.Debug|x64.ActiveCfg = Release|x64
		{7EE5206B-1657-482A-B6A1-343DE5D6DE11}.Debug|x64.Build.0 = Release|x64
		{7EE5206B-1657-482A-B6A1-343DE5D6DE11}.Release|Win32.ActiveCfg = Release|Win32
		{7EE5206B-1657-482A-B6A1-343DE5D6DE11}.Release|Win32.Build.0 = Release|Win32
		{7EE5206B-1657-482A-B6A1-343DE5D6DE11}.Release|x64.ActiveCfg = Release|x64
		{7EE5206B-1657-482A-B6A1-343DE5D6DE11}.Release|x64.Build.0 = Release|x64
		{7EE5206B-1657-482A-B6A1-343DE5D6DE11}.StrongDebug|Win32.ActiveCfg = Release|Win32
		{7EE5206B-1657-482A-B6A1-343DE5D6DE11}.StrongDebug|Win32.Build.0 = Release|Win32
		{7EE5206B-1657-482A-B6A1-343DE5D6DE11}.StrongDebug|x64.ActiveCfg = Release|x64
		{7EE5206B-1657-482A-B6A1-343DE5D6DE11}.StrongDebug|x64.Build.0 = Release|x64
		{7EE5206B-1657-482A-B6A1-343DE5D6DE11}.Template|Win32.ActiveCfg = Release|Win32
		{7EE5206B-1657-482A-B6A1-343DE5D6DE11}.Template|Win32.Build.0 = Release|Win32
		{7EE5206B-1657-482A-B6A1-343DE5D6DE11}.Template|x64.ActiveCfg = Release|x64
		{7EE5206B-1657-482A-B6A1-343DE5D6DE11}.Template|x64.Build.0 = Release|x64
		{7EE5206B-1657-482A-B6A1-343DE5D6DE11}.UnicodeDebug|Win32.ActiveCfg = Release|Win32
		{7EE5206B-1657-482A-B6A1-343DE5D6DE11}.UnicodeDebug|Win32.Build.0 = Release|Win32
		{7EE5206B-1657-482A-B6A1-343DE5D6DE11}.UnicodeDebug|x64.ActiveCfg = Release|x64
		{7EE5206B-1657-482A-B6A1-343DE5D6DE11}.UnicodeDebug|x64.Build.0 = Release|x64
		{7EE5206B-1657-482A-B6A1-343DE5D6DE11}.UnicodeRelease|Win32.ActiveCfg = Release|Win32
		{7EE5206B-1657-482A-B6A1-343DE5D6DE11}.UnicodeRelease|Win32.Build.0 = Release|Win32
		{7EE5206B-1657-482A-B6A1-343DE5D6DE11}.UnicodeRelease|x64.ActiveCfg = Release|x64
		{7EE5206B-1657-482A-B6A1-343DE5D6DE11}.UnicodeRelease|x64.Build.0 = Release|x64
		{76695BEC-D0B6-44BC-8F2D-E9C45D239137}.Debug|Win32.ActiveCfg = Release|Win32
		{76695BEC-D0B6-44BC-8F2D-E9C45D239137}.Debug|Win32.Build.0 = Release|Win32
		{76695BEC-D0B6-44BC-8F2D-E9C45D239137}.Debug|x64.ActiveCfg = Release|x64
		{76695BEC-D0B6-44BC-8F2D-E9C45D239137}.Debug|x64.Build.0 = Release|x64
		{76695BEC-D0B6-44BC-8F2D-E9C45D239137}.Release|Win32.ActiveCfg = Release|Win32
		{76695BEC-D0B6-44BC-8F2D-E9C45D239137}.Release|Win32.Build.0 = Release|Win32
		{76695BEC-D0B6-44BC-8F2D-E9C45D239137}.Release|x64.ActiveCfg = Release|x64
		{76695BEC-D0B6-44BC-8F2D-E9C45D239137}.Release|x64.Build.0 = Release|x64
		{76695BEC-D0B6-44BC-8F2D-E9C45D239137}.StrongDebug|Win32.ActiveCfg = Release|Win32
		{76695BEC-D0B6-44BC-8F2D-E9C45D239137}.StrongDebug|Win32.Build.0 = Release|Win32
		{76695BEC-D0B6-44BC-8F2D-E9C45D239137}.StrongDebug|x64.ActiveCfg = Release|x64
		{76695BEC-D0B6-44BC-8F2D-E9C45D239137}.StrongDebug|x64.Build.0 = Release|x64
		{76695BEC-D0B6-44BC-8F2D-E9C45D239137}.Template|Win32.ActiveCfg = Release|Win32
		{76695BEC-D0B6-44BC-8F2D-E9C45D239137}.Template|Win32.Build.0 = Release|Win32
		{76695BEC-D0B6-44BC-8F2D-E9C45D239137}.Template|x64.ActiveCfg = Release|x64
		{76695BEC-D0B6-44BC-8F2D-E9C45D239137}.Template|x64.Build.0 = Release|x64
		{76695BEC-D0B6-44BC-8F2D-E9C45D239137}.UnicodeDebug|Win32.ActiveCfg = Release|Win32
		{76695BEC-D0B6-44BC-8F2D-E9C45D239137}.UnicodeDebug|Win32.Build.0 = Release|Win32
		{76695BEC-D0B6-44BC-8F2D-E9C45D239137}.UnicodeDebug|x64.ActiveCfg = Release|x64
		{76695BEC-D0B6-44BC-8F2D-E9C45D239137}.UnicodeDebug|x64.Build.0 = Release|x64
		{76695BEC-D0B6-44BC-8F2D-E9C45D239137}.UnicodeRelease|Win32.ActiveCfg = Release|Win32
		{76695BEC-D0B6-44BC-8F2D-E9C45D239137}.UnicodeRelease|Win32.Build.0 = Release|Win32
		{76695BEC-D0B6-44BC-8F2D-E9C45D239137}.UnicodeRelease|x64.ActiveCfg = Release|x64
		{76695BEC-D0B6-44BC-8F2D-E9C45D239137}.UnicodeRelease|x64.Build.0 = Release|x64
		{0F62BE24-501D-46D8-AFCD-4472C9019DD1}.Debug|Win32.ActiveCfg = Release|Win32
		{0F62BE24-501D-46D8-AFCD-4472C9019DD1}.Debug|Win32.Build.0 = Release|Win32
		{0F62BE24-501D-46D8-AFCD-4472C9019DD1}.Debug|x64.ActiveCfg = Release|x64
		{0F62BE24-501D-46D8-AFCD-4472C9019DD1}.Debug|x64.Build.0 = Release|x64
		{0F62BE24-501D-46D8-AFCD-4472C9019DD1}.Release|Win32.ActiveCfg = Release|Win32
		{0F62BE24-501D-46D8-AFCD-4472C9019DD1}.Release|Win32.Build.0 = Release|Win32
		{0F62BE24-501D-46D8-AFCD-4472C9019DD1}.Release|x64.ActiveCfg = Release|x64
		{0F62BE24-501D-46D8-AFCD-4472C9019DD1}.Release|x64.Build.0 = Release|x64
		{0F62BE24-501D-46D8-AFCD-4472C9019DD1}.StrongDebug|Win32.ActiveCfg = Release|Win32
		{0F62BE24-501D-46D8-AFCD-4472C9019DD1}.StrongDebug|Win32.Build.0 = Release|Win32
		{0F62BE24-501D-46D8-AFCD-4472C9019DD1}.StrongDebug|x64.ActiveCfg = Release|x64
		{0F62BE24-501D-46D8-AFCD-4472C9019DD1}.StrongDebug|x64.Build.0 = Release|x64
		{0F62BE24-501D-46D8-AFCD-4472C9019DD1}.Template|Win32.ActiveCfg = Release|Win32
		{0F62BE24-501D-46D8-AFCD-4472C9019DD1}.Template|Win32.Build.0 = Release|Win32
		{0F62BE24-501D-46D8-AFCD-4472C9019DD1}.Template|x64.ActiveCfg = Release|x64
		{0F62BE24-501D-46D8-AFCD-4472C9019DD1}.Template|x64.Build.0 = Release|x64
		{0F62BE24-501D-46D8-AFCD-4472C9019DD1}.UnicodeDebug|Win32.ActiveCfg = Release|Win32
		{0F62BE24-501D-46D8-AFCD-4472C9019DD1}.UnicodeDebug|Win32.Build.0 = Release|Win32
		{0F62BE24-501D-46D8-AFCD-4472C9019DD1}.UnicodeDebug|x64.ActiveCfg = Release|x64
		{0F62BE24-501D-46D8-AFCD-4472C9019DD1}.UnicodeDebug|x64.Build.0 = Release|x64
		{0F62BE24-501D-46D8-AFCD-4472C9019DD1}.UnicodeRelease|Win32.ActiveCfg = Release|Win32
		{0F62BE24-501D-46D8-AFCD-4472C9019DD1}.UnicodeRelease|Win32.Build.0 = Release|Win32
		{0F62BE24-501D-46D8-AFCD-4472C9019DD1}.UnicodeRelease|x64.ActiveCfg = Release|x64
		{0F62BE24-501D-46D8-AFCD-4472C9019DD1}.UnicodeRelease|x64.Build.0 = Release|x64
		{3222DC0C-0051-43EB-854C-EF59E2B4988D}.Debug|Win32.ActiveCfg = Release|Win32
		{3222DC0C-0051-43EB-854C-EF59E2B4988D}.Debug|Win32.Build.0 = Release|Win32
		{3222DC0C-0051-43EB-854C-EF59E2B4988D}.Debug|x64.ActiveCfg = Release|x64
		{3222DC0C-0051-43EB-854C-EF59E2B4988D}.Debug|x64.Build.0 = Release|x64
		{3222DC0C-0051-43EB-854C-EF59E2B4988D}.Release|Win32.ActiveCfg = Release|Win32
		{3222DC0C-0051-43EB-854C-EF59E2B4988D}.Release|Win32.Build.0 = Release|Win32
		{3222DC0C-0051-43EB-854C-EF59E2B4988D}.Release|x64.ActiveCfg = Release|x64
		{3222DC0C-0051-43EB-854C-EF59E2B4988D}.Release|x64.Build.0 = Release|x64
		{3222DC0C-0051-43EB-854C-EF59E2B4988D}.StrongDebug|Win32.ActiveCfg = Release|Win32
		{3222DC0C-0051-43EB-854C-EF59E2B4988D}.StrongDebug|Win32.Build.0 = Release|Win32
		{3222DC0C-0051-43EB-854C-EF59E2B4988D}.StrongDebug|x64.ActiveCfg = Release|x64
		{3222DC0C-0051-43EB-854C-EF59E2B4988D}.StrongDebug|x64.Build.0 = Release|x64
		{3222DC0C-0051-43EB-854C-EF59E2B4988D}.Template|Win32.ActiveCfg = Release|Win32
		{3222DC0C-0051-43EB-854C-EF59E2B4988D}.Template|Win32.Build.0 = Release|Win32
		{3222DC0C-0051-43EB-854C-EF59E2B4988D}.Template|x64.ActiveCfg = Release|x64
		{3222DC0C-0051-43EB-854C-EF59E2B4988D}.Template|x64.Build.0 = Release|x64
		{3222DC0C-0051-43EB-854C-EF59E2B4988D}.UnicodeDebug|Win32.ActiveCfg = Release|Win32
		{3222DC0C-0051-43EB-854C-EF59E2B4988D}.UnicodeDebug|Win32.Build.0 = Release|Win32
		{3222DC0C-0051-43EB-854C-EF59E2B4988D}.UnicodeDebug|x64.ActiveCfg = Release|x64
		{3222DC0C-0051-43EB-854C-EF59E2B4988D}.UnicodeDebug|x64.Build.0 = Release|x64
		{3222DC0C-0051-43EB-854C-EF59E2B4988D}.UnicodeRelease|Win32.ActiveCfg = Release|Win32
		{3222DC0C-0051-43EB-854C-EF59E2B4988D}.UnicodeRelease|Win32.Build.0 = Release|Win32
		{3222DC0C-0051-43EB-854C-EF59E2B4988D}.UnicodeRelease|x64.ActiveCfg = Release|x64
		{3222DC0C-0051-43EB-854C-EF59E2B4988D}.UnicodeRelease|x64.Build.0 = Release|x64
		{C7A5D1EC-35D3-4754-A815-2C527CACD584}.Debug|Win32.ActiveCfg = UnicodeRelease|Win32
		{C7A5D1EC-35D3-4754-A815-2C527CACD584}.Debug|Win32.Build.0 = UnicodeRelease|Win32
		{C7A5D1EC-35D3-4754-A815-2C527CACD584}.Debug|x64.ActiveCfg = UnicodeRelease|x64
		{C7A5D1EC-35D3-4754-A815-2C527CACD584}.Debug|x64.Build.0 = UnicodeRelease|x64
		{C7A5D1EC-35D3-4754-A815-2C527CACD584}.Release|Win32.ActiveCfg = UnicodeRelease|Win32
		{C7A5D1EC-35D3-4754-A815-2C527CACD584}.Release|Win32.Build.0 = UnicodeRelease|Win32
		{C7A5D1EC-35D3-4754-A815-2C527CACD584}.Release|x64.ActiveCfg = UnicodeRelease|x64
		{C7A5D1EC-35D3-4754-A815-2C527CACD584}.Release|x64.Build.0 = UnicodeRelease|x64
		{C7A5D1EC-35D3-4754-A815-2C527CACD584}.StrongDebug|Win32.ActiveCfg = UnicodeRelease|Win32
		{C7A5D1EC-35D3-4754-A815-2C527CACD584}.StrongDebug|Win32.Build.0 = UnicodeRelease|Win32
		{C7A5D1EC-35D3-4754-A815-2C527CACD584}.StrongDebug|x64.ActiveCfg = UnicodeRelease|x64
		{C7A5D1EC-35D3-4754-A815-2C527CACD584}.StrongDebug|x64.Build.0 = UnicodeRelease|x64
		{C7A5D1EC-35D3-4754-A815-2C527CACD584}.Template|Win32.ActiveCfg = UnicodeRelease|Win32
		{C7A5D1EC-35D3-4754-A815-2C527CACD584}.Template|Win32.Build.0 = UnicodeRelease|Win32
		{C7A5D1EC-35D3-4754-A815-2C527CACD584}.Template|x64.ActiveCfg = UnicodeRelease|x64
		{C7A5D1EC-35D3-4754-A815-2C527CACD584}.Template|x64.Build.0 = UnicodeRelease|x64
		{C7A5D1EC-35D3-4754-A815-2C527CACD584}.UnicodeDebug|Win32.ActiveCfg = UnicodeRelease|Win32
		{C7A5D1EC-35D3-4754-A815-2C527CACD584}.UnicodeDebug|Win32.Build.0 = UnicodeRelease|Win32
		{C7A5D1EC-35D3-4754-A815-2C527CACD584}.UnicodeDebug|x64.ActiveCfg = UnicodeRelease|x64
		{C7A5D1EC-35D3-4754-A815-2C527CACD584}.UnicodeDebug|x64.Build.0 = UnicodeRelease|x64
		{C7A5D1EC-35D3-4754-A815-2C527CACD584}.UnicodeRelease|Win32.ActiveCfg = UnicodeRelease|Win32
		{C7A5D1EC-35D3-4754-A815-2C527CACD584}.UnicodeRelease|Win32.Build.0 = UnicodeRelease|Win32
		{C7A5D1EC-35D3-4754-A815-2C527CACD584}.UnicodeRelease|x64.ActiveCfg = UnicodeRelease|x64
		{C7A5D1EC-35D3-4754-A815-2C527CACD584}.UnicodeRelease|x64.Build.0 = UnicodeRelease|x64
		{23B76347-204C-4DE6-A311-F562CEF5D89C}.Debug|Win32.ActiveCfg = UnicodeRelease|Win32
		{23B76347-204C-4DE6-A311-F562CEF5D89C}.Debug|Win32.Build.0 = UnicodeRelease|Win32
		{23B76347-204C-4DE6-A311-F562CEF5D89C}.Debug|x64.ActiveCfg = UnicodeRelease|x64
		{23B76347-204C-4DE6-A311-F562CEF5D89C}.Debug|x64.Build.0 = UnicodeRelease|x64
		{23B76347-204C-4DE6-A311-F562CEF5D89C}.Release|Win32.ActiveCfg = UnicodeRelease|Win32
		{23B76347-204C-4DE6-A311-F562CEF5D89C}.Release|Win32.Build.0 = UnicodeRelease|Win32
		{23B76347-204C-4DE6-A311-F562CEF5D89C}.Release|x64.ActiveCfg = UnicodeRelease|x64
		{23B76347-204C-4DE6-A311-F562CEF5D89C}.Release|x64.Build.0 = UnicodeRelease|x64
		{23B76347-204C-4DE6-A311-F562CEF5D89C}.StrongDebug|Win32.ActiveCfg = UnicodeRelease|Win32
		{23B76347-204C-4DE6-A311-F562CEF5D89C}.StrongDebug|Win32.Build.0 = UnicodeRelease|Win32
		{23B76347-204C-4DE6-A311-F562CEF5D89C}.StrongDebug|x64.ActiveCfg = UnicodeRelease|x64
		{23B76347-204C-4DE6-A311-F562CEF5D89C}.StrongDebug|x64.Build.0 = UnicodeRelease|x64
		{23B76347-204C-4DE6-A311-F562CEF5D89C}.Template|Win32.ActiveCfg = UnicodeRelease|Win32
		{23B76347-204C-4DE6-A311-F562CEF5D89C}.Template|Win32.Build.0 = UnicodeRelease|Win32
		{23B76347-204C-4DE6-A311-F562CEF5D89C}.Template|x64.ActiveCfg = UnicodeRelease|x64
		{23B76347-204C-4DE6-A311-F562CEF5D89C}.Template|x64.Build.0 = UnicodeRelease|x64
		{23B76347-204C-4DE6-A311-F562CEF5D89C}.UnicodeDebug|Win32.ActiveCfg = UnicodeRelease|Win32
		{23B76347-204C-4DE6-A311-F562CEF5D89C}.UnicodeDebug|Win32.Build.0 = UnicodeRelease|Win32
		{23B76347-204C-4DE6-A311-F562CEF5D89C}.UnicodeDebug|x64.ActiveCfg = UnicodeRelease|x64
		{23B76347-204C-4DE6-A311-F562CEF5D89C}.UnicodeDebug|x64.Build.0 = UnicodeRelease|x64
		{23B76347-204C-4DE6-A311-F562CEF5D89C}.UnicodeRelease|Win32.ActiveCfg = UnicodeRelease|Win32
		{23B76347-204C-4DE6-A311-F562CEF5D89C}.UnicodeRelease|Win32.Build.0 = UnicodeRelease|Win32
		{23B76347-204C-4DE6-A311-F562CEF5D89C}.UnicodeRelease|x64.ActiveCfg = UnicodeRelease|x64
		{23B76347-204C-4DE6-A311-F562CEF5D89C}.UnicodeRelease|x64.Build.0 = UnicodeRelease|x64
		{DA4DDD24-67BC-4A9D-87D3-18C73E5CAF31}.Debug|Win32.ActiveCfg = UnicodeRelease|Win32
		{DA4DDD24-67BC-4A9D-87D3-18C73E5CAF31}.Debug|Win32.Build.0 = UnicodeRelease|Win32
		{DA4DDD24-67BC-4A9D-87D3-18C73E5CAF31}.Debug|x64.ActiveCfg = UnicodeRelease|x64
		{DA4DDD24-67BC-4A9D-87D3-18C73E5CAF31}.Debug|x64.Build.0 = UnicodeRelease|x64
		{DA4DDD24-67BC-4A9D-87D3-18C73E5CAF31}.Release|Win32.ActiveCfg = UnicodeRelease|Win32
		{DA4DDD24-67BC-4A9D-87D3-18C73E5CAF31}.Release|Win32.Build.0 = UnicodeRelease|Win32
		{DA4DDD24-67BC-4A9D-87D3-18C73E5CAF31}.Release|x64.ActiveCfg = UnicodeRelease|x64
		{DA4DDD24-67BC-4A9D-87D3-18C73E5CAF31}.Release|x64.Build.0 = UnicodeRelease|x64
		{DA4DDD24-67BC-4A9D-87D3-18C73E5CAF31}.StrongDebug|Win32.ActiveCfg = UnicodeRelease|Win32
		{DA4DDD24-67BC-4A9D-87D3-18C73E5CAF31}.StrongDebug|Win32.Build.0 = UnicodeRelease|Win32
		{DA4DDD24-67BC-4A9D-87D3-18C73E5CAF31}.StrongDebug|x64.ActiveCfg = UnicodeRelease|x64
		{DA4DDD24-67BC-4A9D-87D3-18C73E5CAF31}.StrongDebug|x64.Build.0 = UnicodeRelease|x64
		{DA4DDD24-67BC-4A9D-87D3-18C73E5CAF31}.Template|Win32.ActiveCfg = UnicodeRelease|Win32
		{DA4DDD24-67BC-4A9D-87D3-18C73E5CAF31}.Template|Win32.Build.0 = UnicodeRelease|Win32
		{DA4DDD24-67BC-4A9D-87D3-18C73E5CAF31}.Template|x64.ActiveCfg = UnicodeRelease|x64
		{DA4DDD24-67BC-4A9D-87D3-18C73E5CAF31}.Template|x64.Build.0 = UnicodeRelease|x64
		{DA4DDD24-67BC-4A9D-87D3-18C73E5CAF31}.UnicodeDebug|Win32.ActiveCfg = UnicodeRelease|Win32
		{DA4DDD24-67BC-4A9D-87D3-18C73E5CAF31}.UnicodeDebug|Win32.Build.0 = UnicodeRelease|Win32
		{DA4DDD24-67BC-4A9D-87D3-18C73E5CAF31}.UnicodeDebug|x64.ActiveCfg = UnicodeRelease|x64
		{DA4DDD24-67BC-4A9D-87D3-18C73E5CAF31}.UnicodeDebug|x64.Build.0 = UnicodeRelease|x64
		{DA4DDD24-67BC-4A9D-87D3-18C73E5CAF31}.UnicodeRelease|Win32.ActiveCfg = UnicodeRelease|Win32
		{DA4DDD24-67BC-4A9D-87D3-18C73E5CAF31}.UnicodeRelease|Win32.Build.0 = UnicodeRelease|Win32
		{DA4DDD24-67BC-4A9D-87D3-18C73E5CAF31}.UnicodeRelease|x64.ActiveCfg = UnicodeRelease|x64
		{DA4DDD24-67BC-4A9D-87D3-18C73E5CAF31}.UnicodeRelease|x64.Build.0 = UnicodeRelease|x64
		{2A75AA20-BFFE-4D1C-8AEC-274823223919}.Debug|Win32.ActiveCfg = UnicodeRelease|Win32
		{2A75AA20-BFFE-4D1C-8AEC-274823223919}.Debug|Win32.Build.0 = UnicodeRelease|Win32
		{2A75AA20-BFFE-4D1C-8AEC-274823223919}.Debug|x64.ActiveCfg = UnicodeRelease|x64
		{2A75AA20-BFFE-4D1C-8AEC-274823223919}.Debug|x64.Build.0 = UnicodeRelease|x64
		{2A75AA20-BFFE-4D1C-8AEC-274823223919}.Release|Win32.ActiveCfg = UnicodeRelease|Win32
		{2A75AA20-BFFE-4D1C-8AEC-274823223919}.Release|Win32.Build.0 = UnicodeRelease|Win32
		{2A75AA20-BFFE-4D1C-8AEC-274823223919}.Release|x64.ActiveCfg = UnicodeRelease|x64
		{2A75AA20-BFFE-4D1C-8AEC-274823223919}.Release|x64.Build.0 = UnicodeRelease|x64
		{2A75AA20-BFFE-4D1C-8AEC-274823223919}.StrongDebug|Win32.ActiveCfg = UnicodeRelease|Win32
		{2A75AA20-BFFE-4D1C-8AEC-274823223919}.StrongDebug|Win32.Build.0 = UnicodeRelease|Win32
		{2A75AA20-BFFE-4D1C-8AEC-274823223919}.StrongDebug|x64.ActiveCfg = UnicodeRelease|x64
		{2A75AA20-BFFE-4D1C-8AEC-274823223919}.StrongDebug|x64.Build.0 = UnicodeRelease|x64
		{2A75AA20-BFFE-4D1C-8AEC-274823223919}.Template|Win32.ActiveCfg = UnicodeRelease|Win32
		{2A75AA20-BFFE-4D1C-8AEC-274823223919}.Template|Win32.Build.0 = UnicodeRelease|Win32
		{2A75AA20-BFFE-4D1C-8AEC-274823223919}.Template|x64.ActiveCfg = UnicodeRelease|x64
		{2A75AA20-BFFE-4D1C-8AEC-274823223919}.Template|x64.Build.0 = UnicodeRelease|x64
		{2A75AA20-BFFE-4D1C-8AEC-274823223919}.UnicodeDebug|Win32.ActiveCfg = UnicodeRelease|Win32
		{2A75AA20-BFFE-4D1C-8AEC-274823223919}.UnicodeDebug|Win32.Build.0 = UnicodeRelease|Win32
		{2A75AA20-BFFE-4D1C-8AEC-274823223919}.UnicodeDebug|x64.ActiveCfg = UnicodeRelease|x64
		{2A75AA20-BFFE-4D1C-8AEC-274823223919}.UnicodeDebug|x64.Build.0 = UnicodeRelease|x64
		{2A75AA20-BFFE-4D1C-8AEC-274823223919}.UnicodeRelease|Win32.ActiveCfg = UnicodeRelease|Win32
		{2A75AA20-BFFE-4D1C-8AEC-274823223919}.UnicodeRelease|Win32.Build.0 = UnicodeRelease|Win32
		{2A75AA20-BFFE-4D1C-8AEC-274823223919}.UnicodeRelease|x64.ActiveCfg = UnicodeRelease|x64
		{2A75AA20-BFFE-4D1C-8AEC-274823223919}.UnicodeRelease|x64.Build.0 = UnicodeRelease|x64
		{70C09DAA-6F6D-4AAC-955F-ACD602A667CE}.Debug|Win32.ActiveCfg = UnicodeRelease|Win32
		{70C09DAA-6F6D-4AAC-955F-ACD602A667CE}.Debug|Win32.Build.0 = UnicodeRelease|Win32
		{70C09DAA-6F6D-4AAC-955F-ACD602A667CE}.Debug|x64.ActiveCfg = UnicodeRelease|x64
		{70C09DAA-6F6D-4AAC-955F-ACD602A667CE}.Debug|x64.Build.0 = UnicodeRelease|x64
		{70C09DAA-6F6D-4AAC-955F-ACD602A667CE}.Release|Win32.ActiveCfg = UnicodeRelease|Win32
		{70C09DAA-6F6D-4AAC-955F-ACD602A667CE}.Release|Win32.Build.0 = UnicodeRelease|Win32
		{70C09DAA-6F6D-4AAC-955F-ACD602A667CE}.Release|x64.ActiveCfg = UnicodeRelease|x64
		{70C09DAA-6F6D-4AAC-955F-ACD602A667CE}.Release|x64.Build.0 = UnicodeRelease|x64
		{70C09DAA-6F6D-4AAC-955F-ACD602A667CE}.StrongDebug|Win32.ActiveCfg = UnicodeRelease|Win32
		{70C09DAA-6F6D-4AAC-955F-ACD602A667CE}.StrongDebug|Win32.Build.0 = UnicodeRelease|Win32
		{70C09DAA-6F6D-4AAC-955F-ACD602A667CE}.StrongDebug|x64.ActiveCfg = UnicodeRelease|x64
		{70C09DAA-6F6D-4AAC-955F-ACD602A667CE}.StrongDebug|x64.Build.0 = UnicodeRelease|x64
		{70C09DAA-6F6D-4AAC-955F-ACD602A667CE}.Template|Win32.ActiveCfg = UnicodeRelease|Win32
		{70C09DAA-6F6D-4AAC-955F-ACD602A667CE}.Template|Win32.Build.0 = UnicodeRelease|Win32
		{70C09DAA-6F6D-4AAC-955F-ACD602A667CE}.Template|x64.ActiveCfg = UnicodeRelease|x64
		{70C09DAA-6F6D-4AAC-955F-ACD602A667CE}.Template|x64.Build.0 = UnicodeRelease|x64
		{70C09DAA-6F6D-4AAC-955F-ACD602A667CE}.UnicodeDebug|Win32.ActiveCfg = UnicodeRelease|Win32
		{70C09DAA-6F6D-4AAC-955F-ACD602A667CE}.UnicodeDebug|Win32.Build.0 = UnicodeRelease|Win32
		{70C09DAA-6F6D-4AAC-955F-ACD602A667CE}.UnicodeDebug|x64.ActiveCfg = UnicodeRelease|x64
		{70C09DAA-6F6D-4AAC-955F-ACD602A667CE}.UnicodeDebug|x64.Build.0 = UnicodeRelease|x64
		{70C09DAA-6F6D-4AAC-955F-ACD602A667CE}.UnicodeRelease|Win32.ActiveCfg = UnicodeRelease|Win32
		{70C09DAA-6F6D-4AAC-955F-ACD602A667CE}.UnicodeRelease|Win32.Build.0 = UnicodeRelease|Win32
		{70C09DAA-6F6D-4AAC-955F-ACD602A667CE}.UnicodeRelease|x64.ActiveCfg = UnicodeRelease|x64
		{70C09DAA-6F6D-4AAC-955F-ACD602A667CE}.UnicodeRelease|x64.Build.0 = UnicodeRelease|x64
		{7F06AAC4-9FBE-412F-B1D7-CB37AB8F311D}.Debug|Win32.ActiveCfg = UnicodeRelease|Win32
		{7F06AAC4-9FBE-412F-B1D7-CB37AB8F311D}.Debug|Win32.Build.0 = UnicodeRelease|Win32
		{7F06AAC4-9FBE-412F-B1D7-CB37AB8F311D}.Debug|x64.ActiveCfg = UnicodeRelease|x64
		{7F06AAC4-9FBE-412F-B1D7-CB37AB8F311D}.Debug|x64.Build.0 = UnicodeRelease|x64
		{7F06AAC4-9FBE-412F-B1D7-CB37AB8F311D}.Release|Win32.ActiveCfg = UnicodeRelease|Win32
		{7F06AAC4-9FBE-412F-B1D7-CB37AB8F311D}.Release|Win32.Build.0 = UnicodeRelease|Win32
		{7F06AAC4-9FBE-412F-B1D7-CB37AB8F311D}.Release|x64.ActiveCfg = UnicodeRelease|x64
		{7F06AAC4-9FBE-412F-B1D7-CB37AB8F311D}.Release|x64.Build.0 = UnicodeRelease|x64
		{7F06AAC4-9FBE-412F-B1D7-CB37AB8F311D}.StrongDebug|Win32.ActiveCfg = UnicodeRelease|Win32
		{7F06AAC4-9FBE-412F-B1D7-CB37AB8F311D}.StrongDebug|Win32.Build.0 = UnicodeRelease|Win32
		{7F06AAC4-9FBE-412F-B1D7-CB37AB8F311D}.StrongDebug|x64.ActiveCfg = UnicodeRelease|x64
		{7F06AAC4-9FBE-412F-B1D7-CB37AB8F311D}.StrongDebug|x64.Build.0 = UnicodeRelease|x64
		{7F06AAC4-9FBE-412F-B1D7-CB37AB8F311D}.Template|Win32.ActiveCfg = UnicodeRelease|Win32
		{7F06AAC4-9FBE-412F-B1D7-CB37AB8F311D}.Template|Win32.Build.0 = UnicodeRelease|Win32
		{7F06AAC4-9FBE-412F-B1D7-CB37AB8F311D}.Template|x64.ActiveCfg = UnicodeRelease|x64
		{7F06AAC4-9FBE-412F-B1D7-CB37AB8F311D}.Template|x64.Build.0 = UnicodeRelease|x64
		{7F06AAC4-9FBE-412F-B1D7-CB37AB8F311D}.UnicodeDebug|Win32.ActiveCfg = UnicodeRelease|Win32
		{7F06AAC4-9FBE-412F-B1D7-CB37AB8F311D}.UnicodeDebug|Win32.Build.0 = UnicodeRelease|Win32
		{7F06AAC4-9FBE-412F-B1D7-CB37AB8F311D}.UnicodeDebug|x64.ActiveCfg = UnicodeRelease|x64
		{7F06AAC4-9FBE-412F-B1D7-CB37AB8F311D}.UnicodeDebug|x64.Build.0 = UnicodeRelease|x64
		{7F06AAC4-9FBE-412F-B1D7-CB37AB8F311D}.UnicodeRelease|Win32.ActiveCfg = UnicodeRelease|Win32
		{7F06AAC4-9FBE-412F-B1D7-CB37AB8F311D}.UnicodeRelease|Win32.Build.0 = UnicodeRelease|Win32
		{7F06AAC4-9FBE-412F-B1D7-CB37AB8F311D}.UnicodeRelease|x64.ActiveCfg = UnicodeRelease|x64
		{7F06AAC4-9FBE-412F-B1D7-CB37AB8F311D}.UnicodeRelease|x64.Build.0 = UnicodeRelease|x64
		{C3F39C58-7FC4-4243-82B2-A3572235AE02}.Debug|Win32.ActiveCfg = UnicodeRelease|Win32
		{C3F39C58-7FC4-4243-82B2-A3572235AE02}.Debug|Win32.Build.0 = UnicodeRelease|Win32
		{C3F39C58-7FC4-4243-82B2-A3572235AE02}.Debug|x64.ActiveCfg = UnicodeRelease|x64
		{C3F39C58-7FC4-4243-82B2-A3572235AE02}.Debug|x64.Build.0 = UnicodeRelease|x64
		{C3F39C58-7FC4-4243-82B2-A3572235AE02}.Release|Win32.ActiveCfg = UnicodeRelease|Win32
		{C3F39C58-7FC4-4243-82B2-A3572235AE02}.Release|Win32.Build.0 = UnicodeRelease|Win32
		{C3F39C58-7FC4-4243-82B2-A3572235AE02}.Release|x64.ActiveCfg = UnicodeRelease|x64
		{C3F39C58-7FC4-4243-82B2-A3572235AE02}.Release|x64.Build.0 = UnicodeRelease|x64
		{C3F39C58-7FC4-4243-82B2-A3572235AE02}.StrongDebug|Win32.ActiveCfg = UnicodeRelease|Win32
		{C3F39C58-7FC4-4243-82B2-A3572235AE02}.StrongDebug|Win32.Build.0 = UnicodeRelease|Win32
		{C3F39C58-7FC4-4243-82B2-A3572235AE02}.StrongDebug|x64.ActiveCfg = UnicodeRelease|x64
		{C3F39C58-7FC4-4243-82B2-A3572235AE02}.StrongDebug|x64.Build.0 = UnicodeRelease|x64
		{C3F39C58-7FC4-4243-82B2-A3572235AE02}.Template|Win32.ActiveCfg = UnicodeRelease|Win32
		{C3F39C58-7FC4-4243-82B2-A3572235AE02}.Template|Win32.Build.0 = UnicodeRelease|Win32
		{C3F39C58-7FC4-4243-82B2-A3572235AE02}.Template|x64.ActiveCfg = UnicodeRelease|x64
		{C3F39C58-7FC4-4243-82B2-A3572235AE02}.Template|x64.Build.0 = UnicodeRelease|x64
		{C3F39C58-7FC4-4243-82B2-A3572235AE02}.UnicodeDebug|Win32.ActiveCfg = UnicodeRelease|Win32
		{C3F39C58-7FC4-4243-82B2-A3572235AE02}.UnicodeDebug|Win32.Build.0 = UnicodeRelease|Win32
		{C3F39C58-7FC4-4243-82B2-A3572235AE02}.UnicodeDebug|x64.ActiveCfg = UnicodeRelease|x64
		{C3F39C58-7FC4-4243-82B2-A3572235AE02}.UnicodeDebug|x64.Build.0 = UnicodeRelease|x64
		{C3F39C58-7FC4-4243-82B2-A3572235AE02}.UnicodeRelease|Win32.ActiveCfg = UnicodeRelease|Win32
		{C3F39C58-7FC4-4243-82B2-A3572235AE02}.UnicodeRelease|Win32.Build.0 = UnicodeRelease|Win32
		{C3F39C58-7FC4-4243-82B2-A3572235AE02}.UnicodeRelease|x64.ActiveCfg = UnicodeRelease|x64
		{C3F39C58-7FC4-4243-82B2-A3572235AE02}.UnicodeRelease|x64.Build.0 = UnicodeRelease|x64
		{FD4194A7-EA1E-4466-A80B-AB4D8D17F33C}.Debug|Win32.ActiveCfg = UnicodeRelease|Win32
		{FD4194A7-EA1E-4466-A80B-AB4D8D17F33C}.Debug|Win32.Build.0 = UnicodeRelease|Win32
		{FD4194A7-EA1E-4466-A80B-AB4D8D17F33C}.Debug|x64.ActiveCfg = UnicodeRelease|x64
		{FD4194A7-EA1E-4466-A80B-AB4D8D17F33C}.Debug|x64.Build.0 = UnicodeRelease|x64
		{FD4194A7-EA1E-4466-A80B-AB4D8D17F33C}.Release|Win32.ActiveCfg = UnicodeRelease|Win32
		{FD4194A7-EA1E-4466-A80B-AB4D8D17F33C}.Release|Win32.Build.0 = UnicodeRelease|Win32
		{FD4194A7-EA1E-4466-A80B-AB4D8D17F33C}.Release|x64.ActiveCfg = UnicodeRelease|x64
		{FD4194A7-EA1E-4466-A80B-AB4D8D17F33C}.Release|x64.Build.0 = UnicodeRelease|x64
		{FD4194A7-EA1E-4466-A80B-AB4D8D17F33C}.StrongDebug|Win32.ActiveCfg = UnicodeRelease|Win32
		{FD4194A7-EA1E-4466-A80B-AB4D8D17F33C}.StrongDebug|Win32.Build.0 = UnicodeRelease|Win32
		{FD4194A7-EA1E-4466-A80B-AB4D8D17F33C}.StrongDebug|x64.ActiveCfg = UnicodeRelease|x64
		{FD4194A7-EA1E-4466-A80B-AB4D8D17F33C}.StrongDebug|x64.Build.0 = UnicodeRelease|x64
		{FD4194A7-EA1E-4466-A80B-AB4D8D17F33C}.Template|Win32.ActiveCfg = UnicodeRelease|Win32
		{FD4194A7-EA1E-4466-A80B-AB4D8D17F33C}.Template|Win32.Build.0 = UnicodeRelease|Win32
		{FD4194A7-EA1E-4466-A80B-AB4D8D17F33C}.Template|x64.ActiveCfg = UnicodeRelease|x64
		{FD4194A7-EA1E-4466-A80B-AB4D8D17F33C}.Template|x64.Build.0 = UnicodeRelease|x64
		{FD4194A7-EA1E-4466-A80B-AB4D8D17F33C}.UnicodeDebug|Win32.ActiveCfg = UnicodeRelease|Win32
		{FD4194A7-EA1E-4466-A80B-AB4D8D17F33C}.UnicodeDebug|Win32.Build.0 = UnicodeRelease|Win32
		{FD4194A7-EA1E-4466-A80B-AB4D8D17F33C}.UnicodeDebug|x64.ActiveCfg = UnicodeRelease|x64
		{FD4194A7-EA1E-4466-A80B-AB4D8D17F33C}.UnicodeDebug|x64.Build.0 = UnicodeRelease|x64
		{FD4194A7-EA1E-4466-A80B-AB4D8D17F33C}.UnicodeRelease|Win32.ActiveCfg = UnicodeRelease|Win32
		{FD4194A7-EA1E-4466-A80B-AB4D8D17F33C}.UnicodeRelease|Win32.Build.0 = UnicodeRelease|Win32
		{FD4194A7-EA1E-4466-A80B-AB4D8D17F33C}.UnicodeRelease|x64.ActiveCfg = UnicodeRelease|x64
		{FD4194A7-EA1E-4466-A80B-AB4D8D17F33C}.UnicodeRelease|x64.Build.0 = UnicodeRelease|x64
	EndGlobalSection
	GlobalSection(SolutionProperties) = preSolution
		HideSolutionNode = FALSE
	EndGlobalSection
EndGlobal
